
Microsoft Visual Studio Solution File, Format Version 12.00
# Visual Studio Version 16
VisualStudioVersion = 16.0.29424.173
MinimumVisualStudioVersion = 10.0.40219.1
Project("{888888A0-9F3D-457C-B088-3A5042F75D52}") = "PythonScripts", "PythonScripts.pyproj", "{12640E4F-AD75-477F-BB48-7410F0C34CAD}"
EndProject
Global
	GlobalSection(SolutionConfigurationPlatforms) = preSolution
		Debug|Any CPU = Debug|Any CPU
		Release|Any CPU = Release|Any CPU
	EndGlobalSection
	GlobalSection(ProjectConfigurationPlatforms) = postSolution
		{12640E4F-AD75-477F-BB48-7410F0C34CAD}.Debug|Any CPU.ActiveCfg = Debug|Any CPU
		{12640E4F-AD75-477F-BB48-7410F0C34CAD}.Release|Any CPU.ActiveCfg = Release|Any CPU
	EndGlobalSection
	GlobalSection(SolutionProperties) = preSolution
		HideSolutionNode = FALSE
	EndGlobalSection
	GlobalSection(ExtensibilityGlobals) = postSolution
		SolutionGuid = {69337B78-17D4-4444-8574-32F0E6F0853F}
	EndGlobalSection
EndGlobal
